// !$*UTF8*$!
{
	archiveVersion = 1;
	classes = {
	};
	objectVersion = 46;
	objects = {

/* Begin PBXBuildFile section */
		ABE1F2A91E14B243004A6E16 /* main.m in Sources */ = {isa = PBXBuildFile; fileRef = ABE1F2A81E14B243004A6E16 /* main.m */; };
		ABE1F2AC1E14B243004A6E16 /* AppDelegate.m in Sources */ = {isa = PBXBuildFile; fileRef = ABE1F2AB1E14B243004A6E16 /* AppDelegate.m */; };
		ABE1F2AF1E14B243004A6E16 /* ViewController.m in Sources */ = {isa = PBXBuildFile; fileRef = ABE1F2AE1E14B243004A6E16 /* ViewController.m */; };
		ABE1F2B21E14B243004A6E16 /* Main.storyboard in Resources */ = {isa = PBXBuildFile; fileRef = ABE1F2B01E14B243004A6E16 /* Main.storyboard */; };
		ABE1F2B41E14B243004A6E16 /* Assets.xcassets in Resources */ = {isa = PBXBuildFile; fileRef = ABE1F2B31E14B243004A6E16 /* Assets.xcassets */; };
		ABE1F2B71E14B243004A6E16 /* LaunchScreen.storyboard in Resources */ = {isa = PBXBuildFile; fileRef = ABE1F2B51E14B243004A6E16 /* LaunchScreen.storyboard */; };
		ABE1F2C61E14B2D5004A6E16 /* ZBaseViewController.m in Sources */ = {isa = PBXBuildFile; fileRef = ABE1F2C51E14B2D5004A6E16 /* ZBaseViewController.m */; };
		ABE1F2CC1E14B2E1004A6E16 /* ZBaseTableViewCell.m in Sources */ = {isa = PBXBuildFile; fileRef = ABE1F2C91E14B2E1004A6E16 /* ZBaseTableViewCell.m */; };
		ABE1F2CD1E14B2E1004A6E16 /* ZBaseView.m in Sources */ = {isa = PBXBuildFile; fileRef = ABE1F2CB1E14B2E1004A6E16 /* ZBaseView.m */; };
		ABE1F2D01E14B30D004A6E16 /* ZVideoPlayerController.m in Sources */ = {isa = PBXBuildFile; fileRef = ABE1F2CF1E14B30D004A6E16 /* ZVideoPlayerController.m */; };
		ABE1F2D31E14B322004A6E16 /* ZVideoPlayerView.m in Sources */ = {isa = PBXBuildFile; fileRef = ABE1F2D21E14B322004A6E16 /* ZVideoPlayerView.m */; };
		ABE1F2D51E14F014004A6E16 /* ceshivideo.mov in Resources */ = {isa = PBXBuildFile; fileRef = ABE1F2D41E14F014004A6E16 /* ceshivideo.mov */; };
/* End PBXBuildFile section */

/* Begin PBXFileReference section */
		ABE1F2A41E14B243004A6E16 /* ZVideoPlayer.app */ = {isa = PBXFileReference; explicitFileType = wrapper.application; includeInIndex = 0; path = ZVideoPlayer.app; sourceTree = BUILT_PRODUCTS_DIR; };
		ABE1F2A81E14B243004A6E16 /* main.m */ = {isa = PBXFileReference; lastKnownFileType = sourcecode.c.objc; path = main.m; sourceTree = "<group>"; };
		ABE1F2AA1E14B243004A6E16 /* AppDelegate.h */ = {isa = PBXFileReference; lastKnownFileType = sourcecode.c.h; path = AppDelegate.h; sourceTree = "<group>"; };
		ABE1F2AB1E14B243004A6E16 /* AppDelegate.m */ = {isa = PBXFileReference; lastKnownFileType = sourcecode.c.objc; path = AppDelegate.m; sourceTree = "<group>"; };
		ABE1F2AD1E14B243004A6E16 /* ViewController.h */ = {isa = PBXFileReference; lastKnownFileType = sourcecode.c.h; path = ViewController.h; sourceTree = "<group>"; };
		ABE1F2AE1E14B243004A6E16 /* ViewController.m */ = {isa = PBXFileReference; lastKnownFileType = sourcecode.c.objc; path = ViewController.m; sourceTree = "<group>"; };
		ABE1F2B11E14B243004A6E16 /* Base */ = {isa = PBXFileReference; lastKnownFileType = file.storyboard; name = Base; path = Base.lproj/Main.storyboard; sourceTree = "<group>"; };
		ABE1F2B31E14B243004A6E16 /* Assets.xcassets */ = {isa = PBXFileReference; lastKnownFileType = folder.assetcatalog; path = Assets.xcassets; sourceTree = "<group>"; };
		ABE1F2B61E14B243004A6E16 /* Base */ = {isa = PBXFileReference; lastKnownFileType = file.storyboard; name = Base; path = Base.lproj/LaunchScreen.storyboard; sourceTree = "<group>"; };
		ABE1F2B81E14B243004A6E16 /* Info.plist */ = {isa = PBXFileReference; lastKnownFileType = text.plist.xml; path = Info.plist; sourceTree = "<group>"; };
		ABE1F2C41E14B2D5004A6E16 /* ZBaseViewController.h */ = {isa = PBXFileReference; fileEncoding = 4; lastKnownFileType = sourcecode.c.h; path = ZBaseViewController.h; sourceTree = "<group>"; };
		ABE1F2C51E14B2D5004A6E16 /* ZBaseViewController.m */ = {isa = PBXFileReference; fileEncoding = 4; lastKnownFileType = sourcecode.c.objc; path = ZBaseViewController.m; sourceTree = "<group>"; };
		ABE1F2C81E14B2E1004A6E16 /* ZBaseTableViewCell.h */ = {isa = PBXFileReference; fileEncoding = 4; lastKnownFileType = sourcecode.c.h; path = ZBaseTableViewCell.h; sourceTree = "<group>"; };
		ABE1F2C91E14B2E1004A6E16 /* ZBaseTableViewCell.m */ = {isa = PBXFileReference; fileEncoding = 4; lastKnownFileType = sourcecode.c.objc; path = ZBaseTableViewCell.m; sourceTree = "<group>"; };
		ABE1F2CA1E14B2E1004A6E16 /* ZBaseView.h */ = {isa = PBXFileReference; fileEncoding = 4; lastKnownFileType = sourcecode.c.h; path = ZBaseView.h; sourceTree = "<group>"; };
		ABE1F2CB1E14B2E1004A6E16 /* ZBaseView.m */ = {isa = PBXFileReference; fileEncoding = 4; lastKnownFileType = sourcecode.c.objc; path = ZBaseView.m; sourceTree = "<group>"; };
		ABE1F2CE1E14B30D004A6E16 /* ZVideoPlayerController.h */ = {isa = PBXFileReference; fileEncoding = 4; lastKnownFileType = sourcecode.c.h; path = ZVideoPlayerController.h; sourceTree = "<group>"; };
		ABE1F2CF1E14B30D004A6E16 /* ZVideoPlayerController.m */ = {isa = PBXFileReference; fileEncoding = 4; lastKnownFileType = sourcecode.c.objc; path = ZVideoPlayerController.m; sourceTree = "<group>"; };
		ABE1F2D11E14B322004A6E16 /* ZVideoPlayerView.h */ = {isa = PBXFileReference; fileEncoding = 4; lastKnownFileType = sourcecode.c.h; path = ZVideoPlayerView.h; sourceTree = "<group>"; };
		ABE1F2D21E14B322004A6E16 /* ZVideoPlayerView.m */ = {isa = PBXFileReference; fileEncoding = 4; lastKnownFileType = sourcecode.c.objc; path = ZVideoPlayerView.m; sourceTree = "<group>"; };
		ABE1F2D41E14F014004A6E16 /* ceshivideo.mov */ = {isa = PBXFileReference; lastKnownFileType = video.quicktime; path = ceshivideo.mov; sourceTree = "<group>"; };
/* End PBXFileReference section */

/* Begin PBXFrameworksBuildPhase section */
		ABE1F2A11E14B243004A6E16 /* Frameworks */ = {
			isa = PBXFrameworksBuildPhase;
			buildActionMask = 2147483647;
			files = (
			);
			runOnlyForDeploymentPostprocessing = 0;
		};
/* End PBXFrameworksBuildPhase section */

/* Begin PBXGroup section */
		ABE1F29B1E14B243004A6E16 = {
			isa = PBXGroup;
			children = (
				ABE1F2A61E14B243004A6E16 /* ZVideoPlayer */,
				ABE1F2A51E14B243004A6E16 /* Products */,
			);
			sourceTree = "<group>";
		};
		ABE1F2A51E14B243004A6E16 /* Products */ = {
			isa = PBXGroup;
			children = (
				ABE1F2A41E14B243004A6E16 /* ZVideoPlayer.app */,
			);
			name = Products;
			sourceTree = "<group>";
		};
		ABE1F2A61E14B243004A6E16 /* ZVideoPlayer */ = {
			isa = PBXGroup;
			children = (
				ABE1F2D41E14F014004A6E16 /* ceshivideo.mov */,
				ABE1F2BE1E14B28A004A6E16 /* Controls */,
				ABE1F2BF1E14B28A004A6E16 /* ViewControllers */,
				ABE1F2C01E14B28A004A6E16 /* Views */,
				ABE1F2AA1E14B243004A6E16 /* AppDelegate.h */,
				ABE1F2AB1E14B243004A6E16 /* AppDelegate.m */,
				ABE1F2AD1E14B243004A6E16 /* ViewController.h */,
				ABE1F2AE1E14B243004A6E16 /* ViewController.m */,
				ABE1F2B01E14B243004A6E16 /* Main.storyboard */,
				ABE1F2B31E14B243004A6E16 /* Assets.xcassets */,
				ABE1F2B51E14B243004A6E16 /* LaunchScreen.storyboard */,
				ABE1F2B81E14B243004A6E16 /* Info.plist */,
				ABE1F2A71E14B243004A6E16 /* Supporting Files */,
			);
			path = ZVideoPlayer;
			sourceTree = "<group>";
		};
		ABE1F2A71E14B243004A6E16 /* Supporting Files */ = {
			isa = PBXGroup;
			children = (
				ABE1F2A81E14B243004A6E16 /* main.m */,
			);
			name = "Supporting Files";
			sourceTree = "<group>";
		};
		ABE1F2BE1E14B28A004A6E16 /* Controls */ = {
			isa = PBXGroup;
			children = (
			);
			path = Controls;
			sourceTree = "<group>";
		};
		ABE1F2BF1E14B28A004A6E16 /* ViewControllers */ = {
			isa = PBXGroup;
			children = (
				ABE1F2C31E14B2D5004A6E16 /* BaseViewControllers */,
				ABE1F2CE1E14B30D004A6E16 /* ZVideoPlayerController.h */,
				ABE1F2CF1E14B30D004A6E16 /* ZVideoPlayerController.m */,
			);
			path = ViewControllers;
			sourceTree = "<group>";
		};
		ABE1F2C01E14B28A004A6E16 /* Views */ = {
			isa = PBXGroup;
			children = (
				ABE1F2C71E14B2E1004A6E16 /* BaseViews */,
				ABE1F2D11E14B322004A6E16 /* ZVideoPlayerView.h */,
				ABE1F2D21E14B322004A6E16 /* ZVideoPlayerView.m */,
			);
			path = Views;
			sourceTree = "<group>";
		};
		ABE1F2C31E14B2D5004A6E16 /* BaseViewControllers */ = {
			isa = PBXGroup;
			children = (
				ABE1F2C41E14B2D5004A6E16 /* ZBaseViewController.h */,
				ABE1F2C51E14B2D5004A6E16 /* ZBaseViewController.m */,
			);
			path = BaseViewControllers;
			sourceTree = "<group>";
		};
		ABE1F2C71E14B2E1004A6E16 /* BaseViews */ = {
			isa = PBXGroup;
			children = (
				ABE1F2C81E14B2E1004A6E16 /* ZBaseTableViewCell.h */,
				ABE1F2C91E14B2E1004A6E16 /* ZBaseTableViewCell.m */,
				ABE1F2CA1E14B2E1004A6E16 /* ZBaseView.h */,
				ABE1F2CB1E14B2E1004A6E16 /* ZBaseView.m */,
			);
			path = BaseViews;
			sourceTree = "<group>";
		};
/* End PBXGroup section */

/* Begin PBXNativeTarget section */
		ABE1F2A31E14B243004A6E16 /* ZVideoPlayer */ = {
			isa = PBXNativeTarget;
			buildConfigurationList = ABE1F2BB1E14B243004A6E16 /* Build configuration list for PBXNativeTarget "ZVideoPlayer" */;
			buildPhases = (
				ABE1F2A01E14B243004A6E16 /* Sources */,
				ABE1F2A11E14B243004A6E16 /* Frameworks */,
				ABE1F2A21E14B243004A6E16 /* Resources */,
			);
			buildRules = (
			);
			dependencies = (
			);
			name = ZVideoPlayer;
			productName = ZVideoPlayer;
			productReference = ABE1F2A41E14B243004A6E16 /* ZVideoPlayer.app */;
			productType = "com.apple.product-type.application";
		};
/* End PBXNativeTarget section */

/* Begin PBXProject section */
		ABE1F29C1E14B243004A6E16 /* Project object */ = {
			isa = PBXProject;
			attributes = {
				LastUpgradeCheck = 0820;
				ORGANIZATIONNAME = dazhongge;
				TargetAttributes = {
					ABE1F2A31E14B243004A6E16 = {
						CreatedOnToolsVersion = 8.2.1;
						DevelopmentTeam = ZBB923YFHM;
						ProvisioningStyle = Automatic;
					};
				};
			};
			buildConfigurationList = ABE1F29F1E14B243004A6E16 /* Build configuration list for PBXProject "ZVideoPlayer" */;
			compatibilityVersion = "Xcode 3.2";
			developmentRegion = English;
			hasScannedForEncodings = 0;
			knownRegions = (
				en,
				Base,
			);
			mainGroup = ABE1F29B1E14B243004A6E16;
			productRefGroup = ABE1F2A51E14B243004A6E16 /* Products */;
			projectDirPath = "";
			projectRoot = "";
			targets = (
				ABE1F2A31E14B243004A6E16 /* ZVideoPlayer */,
			);
		};
/* End PBXProject section */

/* Begin PBXResourcesBuildPhase section */
		ABE1F2A21E14B243004A6E16 /* Resources */ = {
			isa = PBXResourcesBuildPhase;
			buildActionMask = 2147483647;
			files = (
				ABE1F2B71E14B243004A6E16 /* LaunchScreen.storyboard in Resources */,
				ABE1F2D51E14F014004A6E16 /* ceshivideo.mov in Resources */,
				ABE1F2B41E14B243004A6E16 /* Assets.xcassets in Resources */,
				ABE1F2B21E14B243004A6E16 /* Main.storyboard in Resources */,
			);
			runOnlyForDeploymentPostprocessing = 0;
		};
/* End PBXResourcesBuildPhase section */

/* Begin PBXSourcesBuildPhase section */
		ABE1F2A01E14B243004A6E16 /* Sources */ = {
			isa = PBXSourcesBuildPhase;
			buildActionMask = 2147483647;
			files = (
				ABE1F2CD1E14B2E1004A6E16 /* ZBaseView.m in Sources */,
				ABE1F2C61E14B2D5004A6E16 /* ZBaseViewController.m in Sources */,
				ABE1F2D01E14B30D004A6E16 /* ZVideoPlayerController.m in Sources */,
				ABE1F2AF1E14B243004A6E16 /* ViewController.m in Sources */,
				ABE1F2CC1E14B2E1004A6E16 /* ZBaseTableViewCell.m in Sources */,
				ABE1F2AC1E14B243004A6E16 /* AppDelegate.m in Sources */,
				ABE1F2D31E14B322004A6E16 /* ZVideoPlayerView.m in Sources */,
				ABE1F2A91E14B243004A6E16 /* main.m in Sources */,
			);
			runOnlyForDeploymentPostprocessing = 0;
		};
/* End PBXSourcesBuildPhase section */

/* Begin PBXVariantGroup section */
		ABE1F2B01E14B243004A6E16 /* Main.storyboard */ = {
			isa = PBXVariantGroup;
			children = (
				ABE1F2B11E14B243004A6E16 /* Base */,
			);
			name = Main.storyboard;
			sourceTree = "<group>";
		};
		ABE1F2B51E14B243004A6E16 /* LaunchScreen.storyboard */ = {
			isa = PBXVariantGroup;
			children = (
				ABE1F2B61E14B243004A6E16 /* Base */,
			);
			name = LaunchScreen.storyboard;
			sourceTree = "<group>";
		};
/* End PBXVariantGroup section */

/* Begin XCBuildConfiguration section */
		ABE1F2B91E14B243004A6E16 /* Debug */ = {
			isa = XCBuildConfiguration;
			buildSettings = {
				ALWAYS_SEARCH_USER_PATHS = NO;
				CLANG_ANALYZER_NONNULL = YES;
				CLANG_CXX_LANGUAGE_STANDARD = "gnu++0x";
				CLANG_CXX_LIBRARY = "libc++";
				CLANG_ENABLE_MODULES = YES;
				CLANG_ENABLE_OBJC_ARC = YES;
				CLANG_WARN_BOOL_CONVERSION = YES;
				CLANG_WARN_CONSTANT_CONVERSION = YES;
				CLANG_WARN_DIRECT_OBJC_ISA_USAGE = YES_ERROR;
				CLANG_WARN_DOCUMENTATION_COMMENTS = YES;
				CLANG_WARN_EMPTY_BODY = YES;
				CLANG_WARN_ENUM_CONVERSION = YES;
				CLANG_WARN_INFINITE_RECURSION = YES;
				CLANG_WARN_INT_CONVERSION = YES;
				CLANG_WARN_OBJC_ROOT_CLASS = YES_ERROR;
				CLANG_WARN_SUSPICIOUS_MOVE = YES;
				CLANG_WARN_UNREACHABLE_CODE = YES;
				CLANG_WARN__DUPLICATE_METHOD_MATCH = YES;
				"CODE_SIGN_IDENTITY[sdk=iphoneos*]" = "iPhone Developer";
				COPY_PHASE_STRIP = NO;
				DEBUG_INFORMATION_FORMAT = dwarf;
				ENABLE_STRICT_OBJC_MSGSEND = YES;
				ENABLE_TESTABILITY = YES;
				GCC_C_LANGUAGE_STANDARD = gnu99;
				GCC_DYNAMIC_NO_PIC = NO;
				GCC_NO_COMMON_BLOCKS = YES;
				GCC_OPTIMIZATION_LEVEL = 0;
				GCC_PREPROCESSOR_DEFINITIONS = (
					"DEBUG=1",
					"$(inherited)",
				);
				GCC_WARN_64_TO_32_BIT_CONVERSION = YES;
				GCC_WARN_ABOUT_RETURN_TYPE = YES_ERROR;
				GCC_WARN_UNDECLARED_SELECTOR = YES;
				GCC_WARN_UNINITIALIZED_AUTOS = YES_AGGRESSIVE;
				GCC_WARN_UNUSED_FUNCTION = YES;
				GCC_WARN_UNUSED_VARIABLE = YES;
				IPHONEOS_DEPLOYMENT_TARGET = 10.2;
				MTL_ENABLE_DEBUG_INFO = YES;
				ONLY_ACTIVE_ARCH = YES;
				SDKROOT = iphoneos;
				TARGETED_DEVICE_FAMILY = "1,2";
			};
			name = Debug;
		};
		ABE1F2BA1E14B243004A6E16 /* Release */ = {
			isa = XCBuildConfiguration;
			buildSettings = {
				ALWAYS_SEARCH_USER_PATHS = NO;
				CLANG_ANALYZER_NONNULL = YES;
				CLANG_CXX_LANGUAGE_STANDARD = "gnu++0x";
				CLANG_CXX_LIBRARY = "libc++";
				CLANG_ENABLE_MODULES = YES;
				CLANG_ENABLE_OBJC_ARC = YES;
				CLANG_WARN_BOOL_CONVERSION = YES;
				CLANG_WARN_CONSTANT_CONVERSION = YES;
				CLANG_WARN_DIRECT_OBJC_ISA_USAGE = YES_ERROR;
				CLANG_WARN_DOCUMENTATION_COMMENTS = YES;
				CLANG_WARN_EMPTY_BODY = YES;
				CLANG_WARN_ENUM_CONVERSION = YES;
				CLANG_WARN_INFINITE_RECURSION = YES;
				CLANG_WARN_INT_CONVERSION = YES;
				CLANG_WARN_OBJC_ROOT_CLASS = YES_ERROR;
				CLANG_WARN_SUSPICIOUS_MOVE = YES;
				CLANG_WARN_UNREACHABLE_CODE = YES;
				CLANG_WARN__DUPLICATE_METHOD_MATCH = YES;
				"CODE_SIGN_IDENTITY[sdk=iphoneos*]" = "iPhone Developer";
				COPY_PHASE_STRIP = NO;
				DEBUG_INFORMATION_FORMAT = "dwarf-with-dsym";
				ENABLE_NS_ASSERTIONS = NO;
				ENABLE_STRICT_OBJC_MSGSEND = YES;
				GCC_C_LANGUAGE_STANDARD = gnu99;
				GCC_NO_COMMON_BLOCKS = YES;
				GCC_WARN_64_TO_32_BIT_CONVERSION = YES;
				GCC_WARN_ABOUT_RETURN_TYPE = YES_ERROR;
				GCC_WARN_UNDECLARED_SELECTOR = YES;
				GCC_WARN_UNINITIALIZED_AUTOS = YES_AGGRESSIVE;
				GCC_WARN_UNUSED_FUNCTION = YES;
				GCC_WARN_UNUSED_VARIABLE = YES;
				IPHONEOS_DEPLOYMENT_TARGET = 10.2;
				MTL_ENABLE_DEBUG_INFO = NO;
				SDKROOT = iphoneos;
				TARGETED_DEVICE_FAMILY = "1,2";
				VALIDATE_PRODUCT = YES;
			};
			name = Release;
		};
		ABE1F2BC1E14B243004A6E16 /* Debug */ = {
			isa = XCBuildConfiguration;
			buildSettings = {
				ASSETCATALOG_COMPILER_APPICON_NAME = AppIcon;
				DEVELOPMENT_TEAM = ZBB923YFHM;
				INFOPLIST_FILE = ZVideoPlayer/Info.plist;
				IPHONEOS_DEPLOYMENT_TARGET = 8.0;
				LD_RUNPATH_SEARCH_PATHS = "$(inherited) @executable_path/Frameworks";
				PRODUCT_BUNDLE_IDENTIFIER = com.rogue.zlj.ZVideoPlayer;
				PRODUCT_NAME = "$(TARGET_NAME)";
			};
			name = Debug;
		};
		ABE1F2BD1E14B243004A6E16 /* Release */ = {
			isa = XCBuildConfiguration;
			buildSettings = {
				ASSETCATALOG_COMPILER_APPICON_NAME = AppIcon;
				DEVELOPMENT_TEAM = ZBB923YFHM;
				INFOPLIST_FILE = ZVideoPlayer/Info.plist;
				IPHONEOS_DEPLOYMENT_TARGET = 8.0;
				LD_RUNPATH_SEARCH_PATHS = "$(inherited) @executable_path/Frameworks";
				PRODUCT_BUNDLE_IDENTIFIER = com.rogue.zlj.ZVideoPlayer;
				PRODUCT_NAME = "$(TARGET_NAME)";
			};
			name = Release;
		};
/* End XCBuildConfiguration section */

/* Begin XCConfigurationList section */
		ABE1F29F1E14B243004A6E16 /* Build configuration list for PBXProject "ZVideoPlayer" */ = {
			isa = XCConfigurationList;
			buildConfigurations = (
				ABE1F2B91E14B243004A6E16 /* Debug */,
				ABE1F2BA1E14B243004A6E16 /* Release */,
			);
			defaultConfigurationIsVisible = 0;
			defaultConfigurationName = Release;
		};
		ABE1F2BB1E14B243004A6E16 /* Build configuration list for PBXNativeTarget "ZVideoPlayer" */ = {
			isa = XCConfigurationList;
			buildConfigurations = (
				ABE1F2BC1E14B243004A6E16 /* Debug */,
				ABE1F2BD1E14B243004A6E16 /* Release */,
			);
			defaultConfigurationIsVisible = 0;
		};
/* End XCConfigurationList section */
	};
	rootObject = ABE1F29C1E14B243004A6E16 /* Project object */;
}
